
Microsoft Visual Studio Solution File, Format Version 12.00
# Visual Studio Version 17
VisualStudioVersion = 17.9.34728.123
MinimumVisualStudioVersion = 10.0.40219.1
Project("{FAE04EC0-301F-11D3-BF4B-00C04F79EFBC}") = "Elin-GeneRecombinator", "Elin-GeneRecombinator\Elin-GeneRecombinator.csproj", "{7A844943-3455-45ED-8A8F-022E727D0D13}"
EndProject
Global
	GlobalSection(SolutionConfigurationPlatforms) = preSolution
		Debug|Any CPU = Debug|Any CPU
		Release|Any CPU = Release|Any CPU
	EndGlobalSection
	GlobalSection(ProjectConfigurationPlatforms) = postSolution
		{7A844943-3455-45ED-8A8F-022E727D0D13}.Debug|Any CPU.ActiveCfg = Debug|Any CPU
		{7A844943-3455-45ED-8A8F-022E727D0D13}.Debug|Any CPU.Build.0 = Debug|Any CPU
		{7A844943-3455-45ED-8A8F-022E727D0D13}.Release|Any CPU.ActiveCfg = Release|Any CPU
		{7A844943-3455-45ED-8A8F-022E727D0D13}.Release|Any CPU.Build.0 = Release|Any CPU
	EndGlobalSection
	GlobalSection(SolutionProperties) = preSolution
		HideSolutionNode = FALSE
	EndGlobalSection
	GlobalSection(ExtensibilityGlobals) = postSolution
		SolutionGuid = {3C8AA260-3EA6-43E7-A276-E4754AB8E66E}
	EndGlobalSection
EndGlobal
